{
    "_meta": {
        "hash": {
            "sha256": "057a303ad22de4dbfb7a2f19fe1d51495e3bed0963be48ca3f88dd28f4d76f2f"
        },
        "requires": {
            "python_version": "3.6"
        },
        "sources": [
            {
                "url": "https://pypi.python.org/simple",
                "verify_ssl": true
            }
        ]
    },
    "default": {
        "gunicorn": {
            "version": "==19.7.1"
        }
    },
    "develop": {}
}
